{
    "_meta": {
        "hash": {
            "sha256": "a06abc6a03a8a49561e293357ab2b801fd8e8a65c233f52048fb7b17df15a41c"
        },
        "pipfile-spec": 6,
        "requires": {
            "python_version": "3.8"
        },
        "sources": [
            {
                "name": "pypi",
                "url": "https://pypi.org/simple",
                "verify_ssl": true
            }
        ]
    },
    "default": {},
    "develop": {}
}